# This file is automatically @generated by Cargo.
# It is not intended for manual editing.
version = 4

[[package]]
name = "admin"
version = "0.1.0"
dependencies = [
 "jobmon-core",
 "jobmon-errors",
 "jobmon-infra",
 "jobmon-ports",
]

[[package]]
name = "jobmon-adapters"
version = "0.1.0"
dependencies = [
 "jobmon-core",
 "jobmon-errors",
]

[[package]]
name = "jobmon-core"
version = "0.1.0"
dependencies = [
 "jobmon-errors",
]

[[package]]
name = "jobmon-engine"
version = "0.1.0"
dependencies = [
 "jobmon-adapters",
 "jobmon-core",
 "jobmon-errors",
 "jobmon-ports",
]

[[package]]
name = "jobmon-errors"
version = "0.1.0"

[[package]]
name = "jobmon-infra"
version = "0.1.0"
dependencies = [
 "jobmon-adapters",
 "jobmon-core",
 "jobmon-engine",
 "jobmon-errors",
 "jobmon-ports",
]

[[package]]
name = "jobmon-ports"
version = "0.1.0"
dependencies = [
 "jobmon-core",
 "jobmon-errors",
]

[[package]]
name = "lambda"
version = "0.1.0"
dependencies = [
 "jobmon-adapters",
 "jobmon-core",
 "jobmon-engine",
 "jobmon-errors",
 "jobmon-infra",
 "jobmon-ports",
]
